
Microsoft Visual Studio Solution File, Format Version 12.00
# Visual Studio Version 16
VisualStudioVersion = 16.0.30907.101
MinimumVisualStudioVersion = 10.0.40219.1
Project("{9A19103F-16F7-4668-BE54-9A1E7A4F7556}") = "PeopleManager", "PeopleManager\PeopleManager.csproj", "{36E5E043-B11F-4A0A-9486-59E200AE42A6}"
EndProject
Project("{9A19103F-16F7-4668-BE54-9A1E7A4F7556}") = "PeopleManager.Data", "PeopleManager.Data\PeopleManager.Data.csproj", "{42A37ABF-E63D-4D96-8BFF-37CDD9A4E3CF}"
EndProject
Project("{9A19103F-16F7-4668-BE54-9A1E7A4F7556}") = "PeopleManager.API", "PeopleManager.API\PeopleManager.API.csproj", "{E4F1C3E5-6171-401C-9443-65C37B07C30F}"
EndProject
Project("{9A19103F-16F7-4668-BE54-9A1E7A4F7556}") = "PeopleManager.Data.Tests", "PeopleManager.Data.Tests\PeopleManager.Data.Tests.csproj", "{7BF9748D-1B9D-419C-AB18-D5B3025AC873}"
EndProject
Project("{FAE04EC0-301F-11D3-BF4B-00C04F79EFBC}") = "PeopleManager.Service", "PeopleManager.Service\PeopleManager.Service.csproj", "{CEC5CA1B-422B-4D4B-865E-764AB2EE8701}"
EndProject
Global
	GlobalSection(SolutionConfigurationPlatforms) = preSolution
		Debug|Any CPU = Debug|Any CPU
		Release|Any CPU = Release|Any CPU
	EndGlobalSection
	GlobalSection(ProjectConfigurationPlatforms) = postSolution
		{36E5E043-B11F-4A0A-9486-59E200AE42A6}.Debug|Any CPU.ActiveCfg = Debug|Any CPU
		{36E5E043-B11F-4A0A-9486-59E200AE42A6}.Debug|Any CPU.Build.0 = Debug|Any CPU
		{36E5E043-B11F-4A0A-9486-59E200AE42A6}.Release|Any CPU.ActiveCfg = Release|Any CPU
		{36E5E043-B11F-4A0A-9486-59E200AE42A6}.Release|Any CPU.Build.0 = Release|Any CPU
		{42A37ABF-E63D-4D96-8BFF-37CDD9A4E3CF}.Debug|Any CPU.ActiveCfg = Debug|Any CPU
		{42A37ABF-E63D-4D96-8BFF-37CDD9A4E3CF}.Debug|Any CPU.Build.0 = Debug|Any CPU
		{42A37ABF-E63D-4D96-8BFF-37CDD9A4E3CF}.Release|Any CPU.ActiveCfg = Release|Any CPU
		{42A37ABF-E63D-4D96-8BFF-37CDD9A4E3CF}.Release|Any CPU.Build.0 = Release|Any CPU
		{E4F1C3E5-6171-401C-9443-65C37B07C30F}.Debug|Any CPU.ActiveCfg = Debug|Any CPU
		{E4F1C3E5-6171-401C-9443-65C37B07C30F}.Debug|Any CPU.Build.0 = Debug|Any CPU
		{E4F1C3E5-6171-401C-9443-65C37B07C30F}.Release|Any CPU.ActiveCfg = Release|Any CPU
		{E4F1C3E5-6171-401C-9443-65C37B07C30F}.Release|Any CPU.Build.0 = Release|Any CPU
		{7BF9748D-1B9D-419C-AB18-D5B3025AC873}.Debug|Any CPU.ActiveCfg = Debug|Any CPU
		{7BF9748D-1B9D-419C-AB18-D5B3025AC873}.Debug|Any CPU.Build.0 = Debug|Any CPU
		{7BF9748D-1B9D-419C-AB18-D5B3025AC873}.Release|Any CPU.ActiveCfg = Release|Any CPU
		{7BF9748D-1B9D-419C-AB18-D5B3025AC873}.Release|Any CPU.Build.0 = Release|Any CPU
		{CEC5CA1B-422B-4D4B-865E-764AB2EE8701}.Debug|Any CPU.ActiveCfg = Debug|Any CPU
		{CEC5CA1B-422B-4D4B-865E-764AB2EE8701}.Debug|Any CPU.Build.0 = Debug|Any CPU
		{CEC5CA1B-422B-4D4B-865E-764AB2EE8701}.Release|Any CPU.ActiveCfg = Release|Any CPU
		{CEC5CA1B-422B-4D4B-865E-764AB2EE8701}.Release|Any CPU.Build.0 = Release|Any CPU
	EndGlobalSection
	GlobalSection(SolutionProperties) = preSolution
		HideSolutionNode = FALSE
	EndGlobalSection
	GlobalSection(ExtensibilityGlobals) = postSolution
		SolutionGuid = {67108F52-C595-4957-8766-496348E47042}
	EndGlobalSection
EndGlobal
